
Microsoft Visual Studio Solution File, Format Version 12.00
# Visual Studio Version 17
VisualStudioVersion = 17.14.36915.13 d17.14
MinimumVisualStudioVersion = 10.0.40219.1
Project("{FAE04EC0-301F-11D3-BF4B-00C04F79EFBC}") = "EnterpriseEmployeeManagement", "EnterpriseEmployeeManagement\EnterpriseEmployeeManagement.csproj", "{A6BB1779-1984-433C-B41E-2E7D6FDF0AEE}"
EndProject
Global
	GlobalSection(SolutionConfigurationPlatforms) = preSolution
		Debug|Any CPU = Debug|Any CPU
		Release|Any CPU = Release|Any CPU
	EndGlobalSection
	GlobalSection(ProjectConfigurationPlatforms) = postSolution
		{A6BB1779-1984-433C-B41E-2E7D6FDF0AEE}.Debug|Any CPU.ActiveCfg = Debug|Any CPU
		{A6BB1779-1984-433C-B41E-2E7D6FDF0AEE}.Debug|Any CPU.Build.0 = Debug|Any CPU
		{A6BB1779-1984-433C-B41E-2E7D6FDF0AEE}.Release|Any CPU.ActiveCfg = Release|Any CPU
		{A6BB1779-1984-433C-B41E-2E7D6FDF0AEE}.Release|Any CPU.Build.0 = Release|Any CPU
	EndGlobalSection
	GlobalSection(SolutionProperties) = preSolution
		HideSolutionNode = FALSE
	EndGlobalSection
	GlobalSection(ExtensibilityGlobals) = postSolution
		SolutionGuid = {477E3293-98BA-4C16-A3AC-8447A5DF0332}
	EndGlobalSection
EndGlobal
